# Written by `veduta integration approve <id>`; commit it alongside veduta.yaml.
# A manifest whose digest or effective permissions differ from this record is
# refused at load with a printed permission diff, until it is approved again.
version: 1
integrations:
  immich:
    manifestSha256: dc88753711be8d4c462cf9062607313435e4577869a125be1190b9b67561156b
    version: 0.2.0
    runtime: declarative
    approvedAt: "2026-09-04T21:40:00Z"
    approvedBy: sergey
    capabilities: [http, assets]
    effectiveLimits:
      cacheBytesKB: 256
      cacheEntries: 64
      exprNodes: 512
      hostCalls: 256
      httpRequests: 2
      inputMB: 4
      iterations: 20000
      jsonDepth: 32
      jsonNodes: 200000
      memoryMB: 64
      outputKB: 64
      requestBodyKB: 64
      responseMB: 4
      timeoutMs: 5000
    routes:
      - { slot: server, method: GET,  path: /api/assets/statistics }
      - { slot: server, method: POST, path: /api/search/metadata, contentType: application/json }
      - { slot: server, method: GET,  path: /api/assets/*/thumbnail, use: asset }
      # Not approved: GET /api/server/statistics. The manifest requests it for the
      # server-statistics operation, which needs an ADMIN api key.
    limits: { httpRequests: 2, timeoutMs: 5000 }

  jellyfin:
    manifestSha256: 6dfa1974b030fc7bd3544694775f353d4fc6c7e44f57e5d36f9eb42686638b73
    moduleSha256: 943038ecc026329cad35e5d76672257b11bb3cacb71bd5f8def189e2367b401d
    version: 1.0.0
    runtime: wasm
    approvedAt: "2026-09-04T21:41:00Z"
    approvedBy: sergey
    capabilities: [http, assets]
    effectiveLimits:
      cacheBytesKB: 256
      cacheEntries: 64
      exprNodes: 512
      hostCalls: 10
      httpRequests: 5
      inputMB: 4
      iterations: 20000
      jsonDepth: 32
      jsonNodes: 200000
      memoryMB: 64
      outputKB: 64
      requestBodyKB: 64
      responseMB: 4
      timeoutMs: 3000
    routes:
      - { slot: server, method: GET, path: /Users/Me }
      - { slot: server, method: GET, path: /Items/Latest, queryKeys: [enableImageTypes, fields, imageTypeLimit, limit, userId] }
      - { slot: server, method: GET, path: /Items, queryKeys: [includeItemTypes, limit, recursive, userId] }
      - { slot: server, method: GET, path: /Sessions }
      - { slot: server, method: GET, path: /Items/*/Images/Primary, use: asset }

  glances:
    manifestSha256: 07f8c9a7807c24de29a42314dd8dd501b5ec6de6434e655f1f7376f278852271
    version: 0.1.0
    runtime: declarative
    approvedAt: "2026-09-09T00:19:38Z"
    approvedBy: codex
    capabilities: [http]
    effectiveLimits:
      cacheBytesKB: 256
      cacheEntries: 64
      exprNodes: 512
      hostCalls: 256
      httpRequests: 6
      inputMB: 2
      iterations: 2000
      jsonDepth: 32
      jsonNodes: 200000
      memoryMB: 64
      outputKB: 64
      requestBodyKB: 64
      responseMB: 4
      timeoutMs: 4000
    routes:
      - { slot: server, method: GET, path: /api/4/cpu }
      - { slot: server, method: GET, path: /api/4/mem }
      - { slot: server, method: GET, path: /api/4/fs }
      - { slot: server, method: GET, path: /api/4/uptime }
      - { slot: server, method: GET, path: /api/4/network }
      - { slot: server, method: GET, path: /api/4/sensors }
    limits: { timeoutMs: 4000, httpRequests: 6, inputMB: 2, iterations: 2000 }
