# Written by `veduta integration approve <id>`; commit it alongside veduta.yaml.
# A manifest whose digest or effective permissions differ from this record is
# refused at load with a printed permission diff, until it is approved again.
version: 1
integrations:
  immich:
    manifestSha256: dc88753711be8d4c462cf9062607313435e4577869a125be1190b9b67561156b
    version: 0.2.0
    runtime: declarative
    approvedAt: "2026-09-04T21:40:00Z"
    approvedBy: sergey
    capabilities: [http, assets]
    effectiveLimits:   # min(core maximum, manifest value-or-default, approved value-or-default)
      cacheBytesKB: 256
      cacheEntries: 64
      exprNodes: 512
      hostCalls: 256
      httpRequests: 2
      inputMB: 4
      iterations: 20000
      jsonDepth: 32
      jsonNodes: 200000
      memoryMB: 64
      outputKB: 64
      requestBodyKB: 64
      responseMB: 4
      timeoutMs: 5000
    routes:
      - { slot: server, method: GET,  path: /api/assets/statistics }
      - { slot: server, method: POST, path: /api/search/metadata, contentType: application/json }
      - { slot: server, method: GET,  path: /api/assets/*/thumbnail, use: asset }
      # Not approved: GET /api/server/statistics. The manifest requests it for the
      # server-statistics operation, which needs an ADMIN api key. Approving a subset of
      # what a manifest asks for is the normal case, not an exception.
    limits: { httpRequests: 2, timeoutMs: 5000 }

  jellyfin:
    manifestSha256: 8df25143dd15243f182741fb22e2f38c9e3c9d225d845084f505d14c6af33f13
    moduleSha256: e235fd566f38089ae2c6a14263e87b710ffc879c1c149c61b422ccbf38eb337a
    version: 1.0.0
    runtime: wasm
    approvedAt: "2026-09-04T21:41:00Z"
    approvedBy: sergey
    capabilities: [http, assets]
    effectiveLimits:   # min(core maximum, manifest value-or-default, approved value-or-default)
      cacheBytesKB: 256
      cacheEntries: 64
      exprNodes: 512
      hostCalls: 10
      httpRequests: 5
      inputMB: 4
      iterations: 20000
      jsonDepth: 32
      jsonNodes: 200000
      memoryMB: 64
      outputKB: 64
      requestBodyKB: 64
      responseMB: 4
      timeoutMs: 3000
    routes:
      - { slot: server, method: GET, path: /Users/Me }
      - { slot: server, method: GET, path: /Items/Latest, queryKeys: [enableImageTypes, fields, imageTypeLimit, limit, userId] }
      - { slot: server, method: GET, path: /Items, queryKeys: [includeItemTypes, limit, recursive, userId] }
      - { slot: server, method: GET, path: /Sessions }
      - { slot: server, method: GET, path: /Items/*/Images/Primary, use: asset }

  glances:
    manifestSha256: 2487e1387e05727309307158a483ee0137c22637cc88ad15a4ec7b9485637dfe
    version: 0.1.0
    runtime: declarative
    approvedAt: "2026-09-05T08:00:00Z"
    approvedBy: sergey
    capabilities: [http]
    effectiveLimits:   # min(core maximum, manifest value-or-default, approved value-or-default)
      cacheBytesKB: 256
      cacheEntries: 64
      exprNodes: 512
      hostCalls: 256
      httpRequests: 4
      inputMB: 2
      iterations: 2000
      jsonDepth: 32
      jsonNodes: 200000
      memoryMB: 64
      outputKB: 64
      requestBodyKB: 64
      responseMB: 4
      timeoutMs: 4000
    routes:
      - { slot: server, method: GET, path: /api/4/cpu }
      - { slot: server, method: GET, path: /api/4/mem }
      - { slot: server, method: GET, path: /api/4/fs }
      - { slot: server, method: GET, path: /api/4/uptime }
    limits: { timeoutMs: 4000 }
